
Microsoft Visual Studio Solution File, Format Version 11.00
# Visual Studio 2010
Project("{8BC9CEB8-8B4A-11D0-8D11-00A0C91BC942}") = "libintl", "libintl\libintl.vcxproj", "{540753C3-27DD-4F96-9466-C6C8F6700312}"
EndProject
Global
	GlobalSection(SolutionConfigurationPlatforms) = preSolution
		Debug|Win32 = Debug|Win32
		Release|Win32 = Release|Win32
	EndGlobalSection
	GlobalSection(ProjectConfigurationPlatforms) = postSolution
		{540753C3-27DD-4F96-9466-C6C8F6700312}.Debug|Win32.ActiveCfg = Debug|Win32
		{540753C3-27DD-4F96-9466-C6C8F6700312}.Debug|Win32.Build.0 = Debug|Win32
		{540753C3-27DD-4F96-9466-C6C8F6700312}.Release|Win32.ActiveCfg = Release|Win32
		{540753C3-27DD-4F96-9466-C6C8F6700312}.Release|Win32.Build.0 = Release|Win32
	EndGlobalSection
	GlobalSection(SolutionProperties) = preSolution
		HideSolutionNode = FALSE
	EndGlobalSection
EndGlobal
